
Microsoft Visual Studio Solution File, Format Version 12.00
# Visual Studio Version 17
VisualStudioVersion = 17.11.35312.102
MinimumVisualStudioVersion = 10.0.40219.1
Project("{FAE04EC0-301F-11D3-BF4B-00C04F79EFBC}") = "RelationshipRetry", "RelationshipRetry\RelationshipRetry.csproj", "{ADDF36C4-B223-4512-9D52-3D8B7D1719FD}"
EndProject
Global
	GlobalSection(SolutionConfigurationPlatforms) = preSolution
		Debug|Any CPU = Debug|Any CPU
		Release|Any CPU = Release|Any CPU
	EndGlobalSection
	GlobalSection(ProjectConfigurationPlatforms) = postSolution
		{ADDF36C4-B223-4512-9D52-3D8B7D1719FD}.Debug|Any CPU.ActiveCfg = Debug|Any CPU
		{ADDF36C4-B223-4512-9D52-3D8B7D1719FD}.Debug|Any CPU.Build.0 = Debug|Any CPU
		{ADDF36C4-B223-4512-9D52-3D8B7D1719FD}.Release|Any CPU.ActiveCfg = Release|Any CPU
		{ADDF36C4-B223-4512-9D52-3D8B7D1719FD}.Release|Any CPU.Build.0 = Release|Any CPU
	EndGlobalSection
	GlobalSection(SolutionProperties) = preSolution
		HideSolutionNode = FALSE
	EndGlobalSection
	GlobalSection(ExtensibilityGlobals) = postSolution
		SolutionGuid = {0A34AF02-FBCB-45C8-80B5-30AE22B6A3F8}
	EndGlobalSection
EndGlobal
